<?xml version="1.0" encoding="utf-8"?>
<Project ToolsVersion="4.0" xmlns="http://schemas.microsoft.com/developer/msbuild/2003">
  <ItemGroup>
    <Filter Include="Source Files">
      <UniqueIdentifier>{4FC737F1-C7A5-4376-A066-2A32D752A2FF}</UniqueIdentifier>
      <Extensions>cpp;c;cc;cxx;def;odl;idl;hpj;bat;asm;asmx</Extensions>
    </Filter>
    <Filter Include="Header Files">
      <UniqueIdentifier>{93995380-89BD-4b04-88EB-625FBE52EBFB}</UniqueIdentifier>
      <Extensions>h;hh;hpp;hxx;hm;inl;inc;xsd</Extensions>
    </Filter>
    <Filter Include="Resource Files">
      <UniqueIdentifier>{67DA6AB6-F800-4c08-8B7A-83BB121AAD01}</UniqueIdentifier>
      <Extensions>rc;ico;cur;bmp;dlg;rc2;rct;bin;rgs;gif;jpg;jpeg;jpe;resx;tiff;tif;png;wav;mfcribbon-ms</Extensions>
    </Filter>
    <Filter Include="Header Files\c++11">
      <UniqueIdentifier>{80cfc9f8-8efe-4416-b0e0-2a922350eba2}</UniqueIdentifier>
    </Filter>
    <Filter Include="Header Files\DP">
      <UniqueIdentifier>{c4a4d38e-9107-4bed-823e-afdb3ae29a2f}</UniqueIdentifier>
    </Filter>
    <Filter Include="Header Files\c++14">
      <UniqueIdentifier>{d7767093-e5e4-48d2-abf9-79d5089e9f32}</UniqueIdentifier>
    </Filter>
    <Filter Include="Header Files\Basic">
      <UniqueIdentifier>{27b53a01-eacd-4afe-9043-232ade20d741}</UniqueIdentifier>
    </Filter>
  </ItemGroup>
  <ItemGroup>
    <Text Include="ReadMe.txt" />
  </ItemGroup>
  <ItemGroup>
    <ClInclude Include="stdafx.h">
      <Filter>Header Files</Filter>
    </ClInclude>
    <ClInclude Include="targetver.h">
      <Filter>Header Files</Filter>
    </ClInclude>
    <ClInclude Include="c++11\bind.h">
      <Filter>Header Files\c++11</Filter>
    </ClInclude>
    <ClInclude Include="c++11\customSignalSlot.h">
      <Filter>Header Files\c++11</Filter>
    </ClInclude>
    <ClInclude Include="c++11\functor.h">
      <Filter>Header Files\c++11</Filter>
    </ClInclude>
    <ClInclude Include="c++11\generics.h">
      <Filter>Header Files\c++11</Filter>
    </ClInclude>
    <ClInclude Include="c++11\highOrderFunctions.h">
      <Filter>Header Files\c++11</Filter>
    </ClInclude>
    <ClInclude Include="c++11\moves.h">
      <Filter>Header Files\c++11</Filter>
    </ClInclude>
    <ClInclude Include="c++11\myData.h">
      <Filter>Header Files\c++11</Filter>
    </ClInclude>
    <ClInclude Include="c++11\rvalues.h">
      <Filter>Header Files\c++11</Filter>
    </ClInclude>
    <ClInclude Include="DP\AbstractFactory.h">
      <Filter>Header Files\DP</Filter>
    </ClInclude>
    <ClInclude Include="DP\Adapter.h">
      <Filter>Header Files\DP</Filter>
    </ClInclude>
    <ClInclude Include="DP\Bridge.h">
      <Filter>Header Files\DP</Filter>
    </ClInclude>
    <ClInclude Include="DP\Command.h">
      <Filter>Header Files\DP</Filter>
    </ClInclude>
    <ClInclude Include="DP\Composite.h">
      <Filter>Header Files\DP</Filter>
    </ClInclude>
    <ClInclude Include="DP\COR.h">
      <Filter>Header Files\DP</Filter>
    </ClInclude>
    <ClInclude Include="DP\Decorator.h">
      <Filter>Header Files\DP</Filter>
    </ClInclude>
    <ClInclude Include="DP\Facade.h">
      <Filter>Header Files\DP</Filter>
    </ClInclude>
    <ClInclude Include="DP\Factory.h">
      <Filter>Header Files\DP</Filter>
    </ClInclude>
    <ClInclude Include="DP\Observer.h">
      <Filter>Header Files\DP</Filter>
    </ClInclude>
    <ClInclude Include="DP\Prototype.h">
      <Filter>Header Files\DP</Filter>
    </ClInclude>
    <ClInclude Include="DP\Proxy.h">
      <Filter>Header Files\DP</Filter>
    </ClInclude>
    <ClInclude Include="DP\Strategy.h">
      <Filter>Header Files\DP</Filter>
    </ClInclude>
    <ClInclude Include="DP\Templated.h">
      <Filter>Header Files\DP</Filter>
    </ClInclude>
    <ClInclude Include="stringReverse.h">
      <Filter>Header Files\c++11</Filter>
    </ClInclude>
    <ClInclude Include="ThreadedSingleton.h">
      <Filter>Header Files</Filter>
    </ClInclude>
    <ClInclude Include="DP\CurRecTemplateP.h">
      <Filter>Header Files\DP</Filter>
    </ClInclude>
    <ClInclude Include="c++14\constExpr_VarTemplates.h">
      <Filter>Header Files\c++14</Filter>
    </ClInclude>
    <ClInclude Include="c++14\declTypeAuto.h">
      <Filter>Header Files\c++14</Filter>
    </ClInclude>
    <ClInclude Include="c++14\funcTypeReduction.h">
      <Filter>Header Files\c++14</Filter>
    </ClInclude>
    <ClInclude Include="c++14\veriableTemplates.h">
      <Filter>Header Files\c++14</Filter>
    </ClInclude>
    <ClInclude Include="genericLambdas.h">
      <Filter>Header Files</Filter>
    </ClInclude>
    <ClInclude Include="lru.h">
      <Filter>Header Files</Filter>
    </ClInclude>
    <ClInclude Include="temp.hpp">
      <Filter>Header Files</Filter>
    </ClInclude>
    <ClInclude Include="Basics\strVec.h">
      <Filter>Header Files\Basic</Filter>
    </ClInclude>
    <ClInclude Include="printUtils.h">
      <Filter>Header Files</Filter>
    </ClInclude>
  </ItemGroup>
  <ItemGroup>
    <ClCompile Include="stdafx.cpp">
      <Filter>Source Files</Filter>
    </ClCompile>
    <ClCompile Include="main.cpp">
      <Filter>Source Files</Filter>
    </ClCompile>
    <ClCompile Include="merge.h">
      <Filter>Header Files</Filter>
    </ClCompile>
  </ItemGroup>
</Project>